// !$*UTF8*$!
{
	archiveVersion = 1;
	classes = {
	};
	objectVersion = 46;
	objects = {

/* Begin PBXBuildFile section */
		777681101CDF227C00992404 /* AppDelegate.swift in Sources */ = {isa = PBXBuildFile; fileRef = 7776810F1CDF227C00992404 /* AppDelegate.swift */; };
		777681151CDF227C00992404 /* Main.storyboard in Resources */ = {isa = PBXBuildFile; fileRef = 777681131CDF227C00992404 /* Main.storyboard */; };
		777681171CDF227C00992404 /* Assets.xcassets in Resources */ = {isa = PBXBuildFile; fileRef = 777681161CDF227C00992404 /* Assets.xcassets */; };
		7776811A1CDF227C00992404 /* LaunchScreen.storyboard in Resources */ = {isa = PBXBuildFile; fileRef = 777681181CDF227C00992404 /* LaunchScreen.storyboard */; };
		777681261CDF28E800992404 /* Entry.swift in Sources */ = {isa = PBXBuildFile; fileRef = 777681251CDF28E800992404 /* Entry.swift */; };
		777681291CDF7D6700992404 /* EntryCell.swift in Sources */ = {isa = PBXBuildFile; fileRef = 777681281CDF7D6700992404 /* EntryCell.swift */; };
		779054341CE4C8B300DADB1C /* ViewController.swift in Sources */ = {isa = PBXBuildFile; fileRef = 779054331CE4C8B300DADB1C /* ViewController.swift */; };
/* End PBXBuildFile section */

/* Begin PBXFileReference section */
		7776810C1CDF227C00992404 /* NavigationBarAnimation.app */ = {isa = PBXFileReference; explicitFileType = wrapper.application; includeInIndex = 0; path = NavigationBarAnimation.app; sourceTree = BUILT_PRODUCTS_DIR; };
		7776810F1CDF227C00992404 /* AppDelegate.swift */ = {isa = PBXFileReference; lastKnownFileType = sourcecode.swift; path = AppDelegate.swift; sourceTree = "<group>"; };
		777681141CDF227C00992404 /* Base */ = {isa = PBXFileReference; lastKnownFileType = file.storyboard; name = Base; path = Base.lproj/Main.storyboard; sourceTree = "<group>"; };
		777681161CDF227C00992404 /* Assets.xcassets */ = {isa = PBXFileReference; lastKnownFileType = folder.assetcatalog; path = Assets.xcassets; sourceTree = "<group>"; };
		777681191CDF227C00992404 /* Base */ = {isa = PBXFileReference; lastKnownFileType = file.storyboard; name = Base; path = Base.lproj/LaunchScreen.storyboard; sourceTree = "<group>"; };
		7776811B1CDF227C00992404 /* Info.plist */ = {isa = PBXFileReference; lastKnownFileType = text.plist.xml; path = Info.plist; sourceTree = "<group>"; };
		777681251CDF28E800992404 /* Entry.swift */ = {isa = PBXFileReference; fileEncoding = 4; lastKnownFileType = sourcecode.swift; path = Entry.swift; sourceTree = "<group>"; };
		777681281CDF7D6700992404 /* EntryCell.swift */ = {isa = PBXFileReference; fileEncoding = 4; lastKnownFileType = sourcecode.swift; path = EntryCell.swift; sourceTree = "<group>"; };
		779054331CE4C8B300DADB1C /* ViewController.swift */ = {isa = PBXFileReference; fileEncoding = 4; lastKnownFileType = sourcecode.swift; path = ViewController.swift; sourceTree = "<group>"; };
/* End PBXFileReference section */

/* Begin PBXFrameworksBuildPhase section */
		777681091CDF227C00992404 /* Frameworks */ = {
			isa = PBXFrameworksBuildPhase;
			buildActionMask = 2147483647;
			files = (
			);
			runOnlyForDeploymentPostprocessing = 0;
		};
/* End PBXFrameworksBuildPhase section */

/* Begin PBXGroup section */
		777681031CDF227C00992404 = {
			isa = PBXGroup;
			children = (
				7776810E1CDF227C00992404 /* NavigationBarAnimation */,
				7776810D1CDF227C00992404 /* Products */,
			);
			sourceTree = "<group>";
		};
		7776810D1CDF227C00992404 /* Products */ = {
			isa = PBXGroup;
			children = (
				7776810C1CDF227C00992404 /* NavigationBarAnimation.app */,
			);
			name = Products;
			sourceTree = "<group>";
		};
		7776810E1CDF227C00992404 /* NavigationBarAnimation */ = {
			isa = PBXGroup;
			children = (
				7776810F1CDF227C00992404 /* AppDelegate.swift */,
				777681131CDF227C00992404 /* Main.storyboard */,
				777681181CDF227C00992404 /* LaunchScreen.storyboard */,
				777681271CDF294500992404 /* Models */,
				7776812A1CDF7EF900992404 /* View */,
				777681241CDF28CC00992404 /* Controllers */,
				777681211CDF260500992404 /* Supporting Files */,
			);
			path = NavigationBarAnimation;
			sourceTree = "<group>";
		};
		777681211CDF260500992404 /* Supporting Files */ = {
			isa = PBXGroup;
			children = (
				777681161CDF227C00992404 /* Assets.xcassets */,
				7776811B1CDF227C00992404 /* Info.plist */,
			);
			name = "Supporting Files";
			sourceTree = "<group>";
		};
		777681241CDF28CC00992404 /* Controllers */ = {
			isa = PBXGroup;
			children = (
				779054331CE4C8B300DADB1C /* ViewController.swift */,
			);
			name = Controllers;
			sourceTree = "<group>";
		};
		777681271CDF294500992404 /* Models */ = {
			isa = PBXGroup;
			children = (
				777681251CDF28E800992404 /* Entry.swift */,
			);
			name = Models;
			sourceTree = "<group>";
		};
		7776812A1CDF7EF900992404 /* View */ = {
			isa = PBXGroup;
			children = (
				777681281CDF7D6700992404 /* EntryCell.swift */,
			);
			name = View;
			sourceTree = "<group>";
		};
/* End PBXGroup section */

/* Begin PBXNativeTarget section */
		7776810B1CDF227C00992404 /* NavigationBarAnimation */ = {
			isa = PBXNativeTarget;
			buildConfigurationList = 7776811E1CDF227C00992404 /* Build configuration list for PBXNativeTarget "NavigationBarAnimation" */;
			buildPhases = (
				777681081CDF227C00992404 /* Sources */,
				777681091CDF227C00992404 /* Frameworks */,
				7776810A1CDF227C00992404 /* Resources */,
			);
			buildRules = (
			);
			dependencies = (
			);
			name = NavigationBarAnimation;
			productName = NavigationBarAnimation;
			productReference = 7776810C1CDF227C00992404 /* NavigationBarAnimation.app */;
			productType = "com.apple.product-type.application";
		};
/* End PBXNativeTarget section */

/* Begin PBXProject section */
		777681041CDF227C00992404 /* Project object */ = {
			isa = PBXProject;
			attributes = {
				LastSwiftUpdateCheck = 0730;
				LastUpgradeCheck = 0730;
				ORGANIZATIONNAME = "Hu Chen";
				TargetAttributes = {
					7776810B1CDF227C00992404 = {
						CreatedOnToolsVersion = 7.3.1;
					};
				};
			};
			buildConfigurationList = 777681071CDF227C00992404 /* Build configuration list for PBXProject "NavigationBarAnimation" */;
			compatibilityVersion = "Xcode 3.2";
			developmentRegion = English;
			hasScannedForEncodings = 0;
			knownRegions = (
				en,
				Base,
			);
			mainGroup = 777681031CDF227C00992404;
			productRefGroup = 7776810D1CDF227C00992404 /* Products */;
			projectDirPath = "";
			projectRoot = "";
			targets = (
				7776810B1CDF227C00992404 /* NavigationBarAnimation */,
			);
		};
/* End PBXProject section */

/* Begin PBXResourcesBuildPhase section */
		7776810A1CDF227C00992404 /* Resources */ = {
			isa = PBXResourcesBuildPhase;
			buildActionMask = 2147483647;
			files = (
				7776811A1CDF227C00992404 /* LaunchScreen.storyboard in Resources */,
				777681171CDF227C00992404 /* Assets.xcassets in Resources */,
				777681151CDF227C00992404 /* Main.storyboard in Resources */,
			);
			runOnlyForDeploymentPostprocessing = 0;
		};
/* End PBXResourcesBuildPhase section */

/* Begin PBXSourcesBuildPhase section */
		777681081CDF227C00992404 /* Sources */ = {
			isa = PBXSourcesBuildPhase;
			buildActionMask = 2147483647;
			files = (
				779054341CE4C8B300DADB1C /* ViewController.swift in Sources */,
				777681291CDF7D6700992404 /* EntryCell.swift in Sources */,
				777681261CDF28E800992404 /* Entry.swift in Sources */,
				777681101CDF227C00992404 /* AppDelegate.swift in Sources */,
			);
			runOnlyForDeploymentPostprocessing = 0;
		};
/* End PBXSourcesBuildPhase section */

/* Begin PBXVariantGroup section */
		777681131CDF227C00992404 /* Main.storyboard */ = {
			isa = PBXVariantGroup;
			children = (
				777681141CDF227C00992404 /* Base */,
			);
			name = Main.storyboard;
			sourceTree = "<group>";
		};
		777681181CDF227C00992404 /* LaunchScreen.storyboard */ = {
			isa = PBXVariantGroup;
			children = (
				777681191CDF227C00992404 /* Base */,
			);
			name = LaunchScreen.storyboard;
			sourceTree = "<group>";
		};
/* End PBXVariantGroup section */

/* Begin XCBuildConfiguration section */
		7776811C1CDF227C00992404 /* Debug */ = {
			isa = XCBuildConfiguration;
			buildSettings = {
				ALWAYS_SEARCH_USER_PATHS = NO;
				CLANG_ANALYZER_NONNULL = YES;
				CLANG_CXX_LANGUAGE_STANDARD = "gnu++0x";
				CLANG_CXX_LIBRARY = "libc++";
				CLANG_ENABLE_MODULES = YES;
				CLANG_ENABLE_OBJC_ARC = YES;
				CLANG_WARN_BOOL_CONVERSION = YES;
				CLANG_WARN_CONSTANT_CONVERSION = YES;
				CLANG_WARN_DIRECT_OBJC_ISA_USAGE = YES_ERROR;
				CLANG_WARN_EMPTY_BODY = YES;
				CLANG_WARN_ENUM_CONVERSION = YES;
				CLANG_WARN_INT_CONVERSION = YES;
				CLANG_WARN_OBJC_ROOT_CLASS = YES_ERROR;
				CLANG_WARN_UNREACHABLE_CODE = YES;
				CLANG_WARN__DUPLICATE_METHOD_MATCH = YES;
				"CODE_SIGN_IDENTITY[sdk=iphoneos*]" = "iPhone Developer";
				COPY_PHASE_STRIP = NO;
				DEBUG_INFORMATION_FORMAT = dwarf;
				ENABLE_STRICT_OBJC_MSGSEND = YES;
				ENABLE_TESTABILITY = YES;
				GCC_C_LANGUAGE_STANDARD = gnu99;
				GCC_DYNAMIC_NO_PIC = NO;
				GCC_NO_COMMON_BLOCKS = YES;
				GCC_OPTIMIZATION_LEVEL = 0;
				GCC_PREPROCESSOR_DEFINITIONS = (
					"DEBUG=1",
					"$(inherited)",
				);
				GCC_WARN_64_TO_32_BIT_CONVERSION = YES;
				GCC_WARN_ABOUT_RETURN_TYPE = YES_ERROR;
				GCC_WARN_UNDECLARED_SELECTOR = YES;
				GCC_WARN_UNINITIALIZED_AUTOS = YES_AGGRESSIVE;
				GCC_WARN_UNUSED_FUNCTION = YES;
				GCC_WARN_UNUSED_VARIABLE = YES;
				IPHONEOS_DEPLOYMENT_TARGET = 9.3;
				MTL_ENABLE_DEBUG_INFO = YES;
				ONLY_ACTIVE_ARCH = YES;
				SDKROOT = iphoneos;
				SWIFT_OPTIMIZATION_LEVEL = "-Onone";
				TARGETED_DEVICE_FAMILY = "1,2";
			};
			name = Debug;
		};
		7776811D1CDF227C00992404 /* Release */ = {
			isa = XCBuildConfiguration;
			buildSettings = {
				ALWAYS_SEARCH_USER_PATHS = NO;
				CLANG_ANALYZER_NONNULL = YES;
				CLANG_CXX_LANGUAGE_STANDARD = "gnu++0x";
				CLANG_CXX_LIBRARY = "libc++";
				CLANG_ENABLE_MODULES = YES;
				CLANG_ENABLE_OBJC_ARC = YES;
				CLANG_WARN_BOOL_CONVERSION = YES;
				CLANG_WARN_CONSTANT_CONVERSION = YES;
				CLANG_WARN_DIRECT_OBJC_ISA_USAGE = YES_ERROR;
				CLANG_WARN_EMPTY_BODY = YES;
				CLANG_WARN_ENUM_CONVERSION = YES;
				CLANG_WARN_INT_CONVERSION = YES;
				CLANG_WARN_OBJC_ROOT_CLASS = YES_ERROR;
				CLANG_WARN_UNREACHABLE_CODE = YES;
				CLANG_WARN__DUPLICATE_METHOD_MATCH = YES;
				"CODE_SIGN_IDENTITY[sdk=iphoneos*]" = "iPhone Developer";
				COPY_PHASE_STRIP = NO;
				DEBUG_INFORMATION_FORMAT = "dwarf-with-dsym";
				ENABLE_NS_ASSERTIONS = NO;
				ENABLE_STRICT_OBJC_MSGSEND = YES;
				GCC_C_LANGUAGE_STANDARD = gnu99;
				GCC_NO_COMMON_BLOCKS = YES;
				GCC_WARN_64_TO_32_BIT_CONVERSION = YES;
				GCC_WARN_ABOUT_RETURN_TYPE = YES_ERROR;
				GCC_WARN_UNDECLARED_SELECTOR = YES;
				GCC_WARN_UNINITIALIZED_AUTOS = YES_AGGRESSIVE;
				GCC_WARN_UNUSED_FUNCTION = YES;
				GCC_WARN_UNUSED_VARIABLE = YES;
				IPHONEOS_DEPLOYMENT_TARGET = 9.3;
				MTL_ENABLE_DEBUG_INFO = NO;
				SDKROOT = iphoneos;
				TARGETED_DEVICE_FAMILY = "1,2";
				VALIDATE_PRODUCT = YES;
			};
			name = Release;
		};
		7776811F1CDF227C00992404 /* Debug */ = {
			isa = XCBuildConfiguration;
			buildSettings = {
				ASSETCATALOG_COMPILER_APPICON_NAME = AppIcon;
				CODE_SIGN_IDENTITY = "iPhone Developer";
				INFOPLIST_FILE = NavigationBarAnimation/Info.plist;
				LD_RUNPATH_SEARCH_PATHS = "$(inherited) @executable_path/Frameworks";
				PRODUCT_BUNDLE_IDENTIFIER = me.huchen.NavigationBarAnimation;
				PRODUCT_NAME = "$(TARGET_NAME)";
			};
			name = Debug;
		};
		777681201CDF227C00992404 /* Release */ = {
			isa = XCBuildConfiguration;
			buildSettings = {
				ASSETCATALOG_COMPILER_APPICON_NAME = AppIcon;
				CODE_SIGN_IDENTITY = "iPhone Developer";
				INFOPLIST_FILE = NavigationBarAnimation/Info.plist;
				LD_RUNPATH_SEARCH_PATHS = "$(inherited) @executable_path/Frameworks";
				PRODUCT_BUNDLE_IDENTIFIER = me.huchen.NavigationBarAnimation;
				PRODUCT_NAME = "$(TARGET_NAME)";
			};
			name = Release;
		};
/* End XCBuildConfiguration section */

/* Begin XCConfigurationList section */
		777681071CDF227C00992404 /* Build configuration list for PBXProject "NavigationBarAnimation" */ = {
			isa = XCConfigurationList;
			buildConfigurations = (
				7776811C1CDF227C00992404 /* Debug */,
				7776811D1CDF227C00992404 /* Release */,
			);
			defaultConfigurationIsVisible = 0;
			defaultConfigurationName = Release;
		};
		7776811E1CDF227C00992404 /* Build configuration list for PBXNativeTarget "NavigationBarAnimation" */ = {
			isa = XCConfigurationList;
			buildConfigurations = (
				7776811F1CDF227C00992404 /* Debug */,
				777681201CDF227C00992404 /* Release */,
			);
			defaultConfigurationIsVisible = 0;
			defaultConfigurationName = Release;
		};
/* End XCConfigurationList section */
	};
	rootObject = 777681041CDF227C00992404 /* Project object */;
}
