// !$*UTF8*$!
{
	archiveVersion = 1;
	classes = {
	};
	objectVersion = 46;
	objects = {

/* Begin PBXBuildFile section */
		777681381CE0C63700992404 /* AppDelegate.swift in Sources */ = {isa = PBXBuildFile; fileRef = 777681371CE0C63700992404 /* AppDelegate.swift */; };
		7776813A1CE0C63700992404 /* ViewController.swift in Sources */ = {isa = PBXBuildFile; fileRef = 777681391CE0C63700992404 /* ViewController.swift */; };
		7776813D1CE0C63700992404 /* Main.storyboard in Resources */ = {isa = PBXBuildFile; fileRef = 7776813B1CE0C63700992404 /* Main.storyboard */; };
		7776813F1CE0C63700992404 /* Assets.xcassets in Resources */ = {isa = PBXBuildFile; fileRef = 7776813E1CE0C63700992404 /* Assets.xcassets */; };
		777681421CE0C63700992404 /* LaunchScreen.storyboard in Resources */ = {isa = PBXBuildFile; fileRef = 777681401CE0C63700992404 /* LaunchScreen.storyboard */; };
/* End PBXBuildFile section */

/* Begin PBXFileReference section */
		777681341CE0C63700992404 /* LockScreenAnimation.app */ = {isa = PBXFileReference; explicitFileType = wrapper.application; includeInIndex = 0; path = LockScreenAnimation.app; sourceTree = BUILT_PRODUCTS_DIR; };
		777681371CE0C63700992404 /* AppDelegate.swift */ = {isa = PBXFileReference; lastKnownFileType = sourcecode.swift; path = AppDelegate.swift; sourceTree = "<group>"; };
		777681391CE0C63700992404 /* ViewController.swift */ = {isa = PBXFileReference; lastKnownFileType = sourcecode.swift; path = ViewController.swift; sourceTree = "<group>"; };
		7776813C1CE0C63700992404 /* Base */ = {isa = PBXFileReference; lastKnownFileType = file.storyboard; name = Base; path = Base.lproj/Main.storyboard; sourceTree = "<group>"; };
		7776813E1CE0C63700992404 /* Assets.xcassets */ = {isa = PBXFileReference; lastKnownFileType = folder.assetcatalog; path = Assets.xcassets; sourceTree = "<group>"; };
		777681411CE0C63700992404 /* Base */ = {isa = PBXFileReference; lastKnownFileType = file.storyboard; name = Base; path = Base.lproj/LaunchScreen.storyboard; sourceTree = "<group>"; };
		777681431CE0C63700992404 /* Info.plist */ = {isa = PBXFileReference; lastKnownFileType = text.plist.xml; path = Info.plist; sourceTree = "<group>"; };
/* End PBXFileReference section */

/* Begin PBXFrameworksBuildPhase section */
		777681311CE0C63700992404 /* Frameworks */ = {
			isa = PBXFrameworksBuildPhase;
			buildActionMask = 2147483647;
			files = (
			);
			runOnlyForDeploymentPostprocessing = 0;
		};
/* End PBXFrameworksBuildPhase section */

/* Begin PBXGroup section */
		7776812B1CE0C63700992404 = {
			isa = PBXGroup;
			children = (
				777681361CE0C63700992404 /* LockScreenAnimation */,
				777681351CE0C63700992404 /* Products */,
			);
			sourceTree = "<group>";
		};
		777681351CE0C63700992404 /* Products */ = {
			isa = PBXGroup;
			children = (
				777681341CE0C63700992404 /* LockScreenAnimation.app */,
			);
			name = Products;
			sourceTree = "<group>";
		};
		777681361CE0C63700992404 /* LockScreenAnimation */ = {
			isa = PBXGroup;
			children = (
				777681371CE0C63700992404 /* AppDelegate.swift */,
				777681391CE0C63700992404 /* ViewController.swift */,
				7776813B1CE0C63700992404 /* Main.storyboard */,
				7776813E1CE0C63700992404 /* Assets.xcassets */,
				777681401CE0C63700992404 /* LaunchScreen.storyboard */,
				777681431CE0C63700992404 /* Info.plist */,
			);
			path = LockScreenAnimation;
			sourceTree = "<group>";
		};
/* End PBXGroup section */

/* Begin PBXNativeTarget section */
		777681331CE0C63700992404 /* LockScreenAnimation */ = {
			isa = PBXNativeTarget;
			buildConfigurationList = 777681461CE0C63700992404 /* Build configuration list for PBXNativeTarget "LockScreenAnimation" */;
			buildPhases = (
				777681301CE0C63700992404 /* Sources */,
				777681311CE0C63700992404 /* Frameworks */,
				777681321CE0C63700992404 /* Resources */,
			);
			buildRules = (
			);
			dependencies = (
			);
			name = LockScreenAnimation;
			productName = LockScreenAnimation;
			productReference = 777681341CE0C63700992404 /* LockScreenAnimation.app */;
			productType = "com.apple.product-type.application";
		};
/* End PBXNativeTarget section */

/* Begin PBXProject section */
		7776812C1CE0C63700992404 /* Project object */ = {
			isa = PBXProject;
			attributes = {
				LastSwiftUpdateCheck = 0730;
				LastUpgradeCheck = 0730;
				ORGANIZATIONNAME = "Hu Chen";
				TargetAttributes = {
					777681331CE0C63700992404 = {
						CreatedOnToolsVersion = 7.3.1;
					};
				};
			};
			buildConfigurationList = 7776812F1CE0C63700992404 /* Build configuration list for PBXProject "LockScreenAnimation" */;
			compatibilityVersion = "Xcode 3.2";
			developmentRegion = English;
			hasScannedForEncodings = 0;
			knownRegions = (
				en,
				Base,
			);
			mainGroup = 7776812B1CE0C63700992404;
			productRefGroup = 777681351CE0C63700992404 /* Products */;
			projectDirPath = "";
			projectRoot = "";
			targets = (
				777681331CE0C63700992404 /* LockScreenAnimation */,
			);
		};
/* End PBXProject section */

/* Begin PBXResourcesBuildPhase section */
		777681321CE0C63700992404 /* Resources */ = {
			isa = PBXResourcesBuildPhase;
			buildActionMask = 2147483647;
			files = (
				777681421CE0C63700992404 /* LaunchScreen.storyboard in Resources */,
				7776813F1CE0C63700992404 /* Assets.xcassets in Resources */,
				7776813D1CE0C63700992404 /* Main.storyboard in Resources */,
			);
			runOnlyForDeploymentPostprocessing = 0;
		};
/* End PBXResourcesBuildPhase section */

/* Begin PBXSourcesBuildPhase section */
		777681301CE0C63700992404 /* Sources */ = {
			isa = PBXSourcesBuildPhase;
			buildActionMask = 2147483647;
			files = (
				7776813A1CE0C63700992404 /* ViewController.swift in Sources */,
				777681381CE0C63700992404 /* AppDelegate.swift in Sources */,
			);
			runOnlyForDeploymentPostprocessing = 0;
		};
/* End PBXSourcesBuildPhase section */

/* Begin PBXVariantGroup section */
		7776813B1CE0C63700992404 /* Main.storyboard */ = {
			isa = PBXVariantGroup;
			children = (
				7776813C1CE0C63700992404 /* Base */,
			);
			name = Main.storyboard;
			sourceTree = "<group>";
		};
		777681401CE0C63700992404 /* LaunchScreen.storyboard */ = {
			isa = PBXVariantGroup;
			children = (
				777681411CE0C63700992404 /* Base */,
			);
			name = LaunchScreen.storyboard;
			sourceTree = "<group>";
		};
/* End PBXVariantGroup section */

/* Begin XCBuildConfiguration section */
		777681441CE0C63700992404 /* Debug */ = {
			isa = XCBuildConfiguration;
			buildSettings = {
				ALWAYS_SEARCH_USER_PATHS = NO;
				CLANG_ANALYZER_NONNULL = YES;
				CLANG_CXX_LANGUAGE_STANDARD = "gnu++0x";
				CLANG_CXX_LIBRARY = "libc++";
				CLANG_ENABLE_MODULES = YES;
				CLANG_ENABLE_OBJC_ARC = YES;
				CLANG_WARN_BOOL_CONVERSION = YES;
				CLANG_WARN_CONSTANT_CONVERSION = YES;
				CLANG_WARN_DIRECT_OBJC_ISA_USAGE = YES_ERROR;
				CLANG_WARN_EMPTY_BODY = YES;
				CLANG_WARN_ENUM_CONVERSION = YES;
				CLANG_WARN_INT_CONVERSION = YES;
				CLANG_WARN_OBJC_ROOT_CLASS = YES_ERROR;
				CLANG_WARN_UNREACHABLE_CODE = YES;
				CLANG_WARN__DUPLICATE_METHOD_MATCH = YES;
				"CODE_SIGN_IDENTITY[sdk=iphoneos*]" = "iPhone Developer";
				COPY_PHASE_STRIP = NO;
				DEBUG_INFORMATION_FORMAT = dwarf;
				ENABLE_STRICT_OBJC_MSGSEND = YES;
				ENABLE_TESTABILITY = YES;
				GCC_C_LANGUAGE_STANDARD = gnu99;
				GCC_DYNAMIC_NO_PIC = NO;
				GCC_NO_COMMON_BLOCKS = YES;
				GCC_OPTIMIZATION_LEVEL = 0;
				GCC_PREPROCESSOR_DEFINITIONS = (
					"DEBUG=1",
					"$(inherited)",
				);
				GCC_WARN_64_TO_32_BIT_CONVERSION = YES;
				GCC_WARN_ABOUT_RETURN_TYPE = YES_ERROR;
				GCC_WARN_UNDECLARED_SELECTOR = YES;
				GCC_WARN_UNINITIALIZED_AUTOS = YES_AGGRESSIVE;
				GCC_WARN_UNUSED_FUNCTION = YES;
				GCC_WARN_UNUSED_VARIABLE = YES;
				IPHONEOS_DEPLOYMENT_TARGET = 9.3;
				MTL_ENABLE_DEBUG_INFO = YES;
				ONLY_ACTIVE_ARCH = YES;
				SDKROOT = iphoneos;
				SWIFT_OPTIMIZATION_LEVEL = "-Onone";
				TARGETED_DEVICE_FAMILY = "1,2";
			};
			name = Debug;
		};
		777681451CE0C63700992404 /* Release */ = {
			isa = XCBuildConfiguration;
			buildSettings = {
				ALWAYS_SEARCH_USER_PATHS = NO;
				CLANG_ANALYZER_NONNULL = YES;
				CLANG_CXX_LANGUAGE_STANDARD = "gnu++0x";
				CLANG_CXX_LIBRARY = "libc++";
				CLANG_ENABLE_MODULES = YES;
				CLANG_ENABLE_OBJC_ARC = YES;
				CLANG_WARN_BOOL_CONVERSION = YES;
				CLANG_WARN_CONSTANT_CONVERSION = YES;
				CLANG_WARN_DIRECT_OBJC_ISA_USAGE = YES_ERROR;
				CLANG_WARN_EMPTY_BODY = YES;
				CLANG_WARN_ENUM_CONVERSION = YES;
				CLANG_WARN_INT_CONVERSION = YES;
				CLANG_WARN_OBJC_ROOT_CLASS = YES_ERROR;
				CLANG_WARN_UNREACHABLE_CODE = YES;
				CLANG_WARN__DUPLICATE_METHOD_MATCH = YES;
				"CODE_SIGN_IDENTITY[sdk=iphoneos*]" = "iPhone Developer";
				COPY_PHASE_STRIP = NO;
				DEBUG_INFORMATION_FORMAT = "dwarf-with-dsym";
				ENABLE_NS_ASSERTIONS = NO;
				ENABLE_STRICT_OBJC_MSGSEND = YES;
				GCC_C_LANGUAGE_STANDARD = gnu99;
				GCC_NO_COMMON_BLOCKS = YES;
				GCC_WARN_64_TO_32_BIT_CONVERSION = YES;
				GCC_WARN_ABOUT_RETURN_TYPE = YES_ERROR;
				GCC_WARN_UNDECLARED_SELECTOR = YES;
				GCC_WARN_UNINITIALIZED_AUTOS = YES_AGGRESSIVE;
				GCC_WARN_UNUSED_FUNCTION = YES;
				GCC_WARN_UNUSED_VARIABLE = YES;
				IPHONEOS_DEPLOYMENT_TARGET = 9.3;
				MTL_ENABLE_DEBUG_INFO = NO;
				SDKROOT = iphoneos;
				TARGETED_DEVICE_FAMILY = "1,2";
				VALIDATE_PRODUCT = YES;
			};
			name = Release;
		};
		777681471CE0C63700992404 /* Debug */ = {
			isa = XCBuildConfiguration;
			buildSettings = {
				ASSETCATALOG_COMPILER_APPICON_NAME = AppIcon;
				CODE_SIGN_IDENTITY = "iPhone Developer";
				INFOPLIST_FILE = LockScreenAnimation/Info.plist;
				LD_RUNPATH_SEARCH_PATHS = "$(inherited) @executable_path/Frameworks";
				PRODUCT_BUNDLE_IDENTIFIER = me.huchen.LockScreenAnimation;
				PRODUCT_NAME = "$(TARGET_NAME)";
			};
			name = Debug;
		};
		777681481CE0C63700992404 /* Release */ = {
			isa = XCBuildConfiguration;
			buildSettings = {
				ASSETCATALOG_COMPILER_APPICON_NAME = AppIcon;
				CODE_SIGN_IDENTITY = "iPhone Developer";
				INFOPLIST_FILE = LockScreenAnimation/Info.plist;
				LD_RUNPATH_SEARCH_PATHS = "$(inherited) @executable_path/Frameworks";
				PRODUCT_BUNDLE_IDENTIFIER = me.huchen.LockScreenAnimation;
				PRODUCT_NAME = "$(TARGET_NAME)";
			};
			name = Release;
		};
/* End XCBuildConfiguration section */

/* Begin XCConfigurationList section */
		7776812F1CE0C63700992404 /* Build configuration list for PBXProject "LockScreenAnimation" */ = {
			isa = XCConfigurationList;
			buildConfigurations = (
				777681441CE0C63700992404 /* Debug */,
				777681451CE0C63700992404 /* Release */,
			);
			defaultConfigurationIsVisible = 0;
			defaultConfigurationName = Release;
		};
		777681461CE0C63700992404 /* Build configuration list for PBXNativeTarget "LockScreenAnimation" */ = {
			isa = XCConfigurationList;
			buildConfigurations = (
				777681471CE0C63700992404 /* Debug */,
				777681481CE0C63700992404 /* Release */,
			);
			defaultConfigurationIsVisible = 0;
		};
/* End XCConfigurationList section */
	};
	rootObject = 7776812C1CE0C63700992404 /* Project object */;
}
